// !$*UTF8*$!
{
	archiveVersion = 1;
	classes = {
	};
	objectVersion = 46;
	objects = {

/* Begin PBXBuildFile section */
		1F11AE831E48F4FB001D161A /* AppDelegate.swift in Sources */ = {isa = PBXBuildFile; fileRef = 1F11AE821E48F4FB001D161A /* AppDelegate.swift */; };
		1F11AE851E48F4FB001D161A /* ViewController.swift in Sources */ = {isa = PBXBuildFile; fileRef = 1F11AE841E48F4FB001D161A /* ViewController.swift */; };
		1F11AE881E48F4FB001D161A /* Main.storyboard in Resources */ = {isa = PBXBuildFile; fileRef = 1F11AE861E48F4FB001D161A /* Main.storyboard */; };
		1F11AE8A1E48F4FB001D161A /* Assets.xcassets in Resources */ = {isa = PBXBuildFile; fileRef = 1F11AE891E48F4FB001D161A /* Assets.xcassets */; };
		1F11AE8D1E48F4FB001D161A /* LaunchScreen.storyboard in Resources */ = {isa = PBXBuildFile; fileRef = 1F11AE8B1E48F4FB001D161A /* LaunchScreen.storyboard */; };
		1F11AE991E48FB22001D161A /* ArticleCell.swift in Sources */ = {isa = PBXBuildFile; fileRef = 1F11AE981E48FB22001D161A /* ArticleCell.swift */; };
		1F11AE9B1E48FC5D001D161A /* Article.swift in Sources */ = {isa = PBXBuildFile; fileRef = 1F11AE9A1E48FC5D001D161A /* Article.swift */; };
		1F25F6861E4E844000E28F59 /* WebViewViewController.swift in Sources */ = {isa = PBXBuildFile; fileRef = 1F25F6851E4E844000E28F59 /* WebViewViewController.swift */; };
/* End PBXBuildFile section */

/* Begin PBXFileReference section */
		1F11AE7F1E48F4FB001D161A /* MyTechNews.app */ = {isa = PBXFileReference; explicitFileType = wrapper.application; includeInIndex = 0; path = MyTechNews.app; sourceTree = BUILT_PRODUCTS_DIR; };
		1F11AE821E48F4FB001D161A /* AppDelegate.swift */ = {isa = PBXFileReference; lastKnownFileType = sourcecode.swift; path = AppDelegate.swift; sourceTree = "<group>"; };
		1F11AE841E48F4FB001D161A /* ViewController.swift */ = {isa = PBXFileReference; lastKnownFileType = sourcecode.swift; path = ViewController.swift; sourceTree = "<group>"; };
		1F11AE871E48F4FB001D161A /* Base */ = {isa = PBXFileReference; lastKnownFileType = file.storyboard; name = Base; path = Base.lproj/Main.storyboard; sourceTree = "<group>"; };
		1F11AE891E48F4FB001D161A /* Assets.xcassets */ = {isa = PBXFileReference; lastKnownFileType = folder.assetcatalog; path = Assets.xcassets; sourceTree = "<group>"; };
		1F11AE8C1E48F4FB001D161A /* Base */ = {isa = PBXFileReference; lastKnownFileType = file.storyboard; name = Base; path = Base.lproj/LaunchScreen.storyboard; sourceTree = "<group>"; };
		1F11AE8E1E48F4FB001D161A /* Info.plist */ = {isa = PBXFileReference; lastKnownFileType = text.plist.xml; path = Info.plist; sourceTree = "<group>"; };
		1F11AE981E48FB22001D161A /* ArticleCell.swift */ = {isa = PBXFileReference; fileEncoding = 4; lastKnownFileType = sourcecode.swift; path = ArticleCell.swift; sourceTree = "<group>"; };
		1F11AE9A1E48FC5D001D161A /* Article.swift */ = {isa = PBXFileReference; fileEncoding = 4; lastKnownFileType = sourcecode.swift; path = Article.swift; sourceTree = "<group>"; };
		1F25F6851E4E844000E28F59 /* WebViewViewController.swift */ = {isa = PBXFileReference; fileEncoding = 4; lastKnownFileType = sourcecode.swift; path = WebViewViewController.swift; sourceTree = "<group>"; };
/* End PBXFileReference section */

/* Begin PBXFrameworksBuildPhase section */
		1F11AE7C1E48F4FB001D161A /* Frameworks */ = {
			isa = PBXFrameworksBuildPhase;
			buildActionMask = 2147483647;
			files = (
			);
			runOnlyForDeploymentPostprocessing = 0;
		};
/* End PBXFrameworksBuildPhase section */

/* Begin PBXGroup section */
		1F11AE761E48F4FB001D161A = {
			isa = PBXGroup;
			children = (
				1F11AE811E48F4FB001D161A /* MyTechNews */,
				1F11AE801E48F4FB001D161A /* Products */,
			);
			sourceTree = "<group>";
		};
		1F11AE801E48F4FB001D161A /* Products */ = {
			isa = PBXGroup;
			children = (
				1F11AE7F1E48F4FB001D161A /* MyTechNews.app */,
			);
			name = Products;
			sourceTree = "<group>";
		};
		1F11AE811E48F4FB001D161A /* MyTechNews */ = {
			isa = PBXGroup;
			children = (
				1F11AE971E48F64F001D161A /* Models */,
				1F11AE961E48F649001D161A /* Views */,
				1F11AE951E48F642001D161A /* Controllers */,
				1F11AE941E48F636001D161A /* Storyboards */,
				1F11AE821E48F4FB001D161A /* AppDelegate.swift */,
				1F11AE891E48F4FB001D161A /* Assets.xcassets */,
				1F11AE8B1E48F4FB001D161A /* LaunchScreen.storyboard */,
				1F11AE8E1E48F4FB001D161A /* Info.plist */,
			);
			path = MyTechNews;
			sourceTree = "<group>";
		};
		1F11AE941E48F636001D161A /* Storyboards */ = {
			isa = PBXGroup;
			children = (
				1F11AE861E48F4FB001D161A /* Main.storyboard */,
			);
			name = Storyboards;
			sourceTree = "<group>";
		};
		1F11AE951E48F642001D161A /* Controllers */ = {
			isa = PBXGroup;
			children = (
				1F11AE841E48F4FB001D161A /* ViewController.swift */,
				1F25F6851E4E844000E28F59 /* WebViewViewController.swift */,
			);
			name = Controllers;
			sourceTree = "<group>";
		};
		1F11AE961E48F649001D161A /* Views */ = {
			isa = PBXGroup;
			children = (
				1F11AE981E48FB22001D161A /* ArticleCell.swift */,
			);
			name = Views;
			sourceTree = "<group>";
		};
		1F11AE971E48F64F001D161A /* Models */ = {
			isa = PBXGroup;
			children = (
				1F11AE9A1E48FC5D001D161A /* Article.swift */,
			);
			name = Models;
			sourceTree = "<group>";
		};
/* End PBXGroup section */

/* Begin PBXNativeTarget section */
		1F11AE7E1E48F4FB001D161A /* MyTechNews */ = {
			isa = PBXNativeTarget;
			buildConfigurationList = 1F11AE911E48F4FB001D161A /* Build configuration list for PBXNativeTarget "MyTechNews" */;
			buildPhases = (
				1F11AE7B1E48F4FB001D161A /* Sources */,
				1F11AE7C1E48F4FB001D161A /* Frameworks */,
				1F11AE7D1E48F4FB001D161A /* Resources */,
			);
			buildRules = (
			);
			dependencies = (
			);
			name = MyTechNews;
			productName = MyTechNews;
			productReference = 1F11AE7F1E48F4FB001D161A /* MyTechNews.app */;
			productType = "com.apple.product-type.application";
		};
/* End PBXNativeTarget section */

/* Begin PBXProject section */
		1F11AE771E48F4FB001D161A /* Project object */ = {
			isa = PBXProject;
			attributes = {
				LastSwiftUpdateCheck = 0820;
				LastUpgradeCheck = 0820;
				ORGANIZATIONNAME = geeoku;
				TargetAttributes = {
					1F11AE7E1E48F4FB001D161A = {
						CreatedOnToolsVersion = 8.2.1;
						DevelopmentTeam = 7E646DTM59;
						ProvisioningStyle = Automatic;
					};
				};
			};
			buildConfigurationList = 1F11AE7A1E48F4FB001D161A /* Build configuration list for PBXProject "MyTechNews" */;
			compatibilityVersion = "Xcode 3.2";
			developmentRegion = English;
			hasScannedForEncodings = 0;
			knownRegions = (
				en,
				Base,
			);
			mainGroup = 1F11AE761E48F4FB001D161A;
			productRefGroup = 1F11AE801E48F4FB001D161A /* Products */;
			projectDirPath = "";
			projectRoot = "";
			targets = (
				1F11AE7E1E48F4FB001D161A /* MyTechNews */,
			);
		};
/* End PBXProject section */

/* Begin PBXResourcesBuildPhase section */
		1F11AE7D1E48F4FB001D161A /* Resources */ = {
			isa = PBXResourcesBuildPhase;
			buildActionMask = 2147483647;
			files = (
				1F11AE8D1E48F4FB001D161A /* LaunchScreen.storyboard in Resources */,
				1F11AE8A1E48F4FB001D161A /* Assets.xcassets in Resources */,
				1F11AE881E48F4FB001D161A /* Main.storyboard in Resources */,
			);
			runOnlyForDeploymentPostprocessing = 0;
		};
/* End PBXResourcesBuildPhase section */

/* Begin PBXSourcesBuildPhase section */
		1F11AE7B1E48F4FB001D161A /* Sources */ = {
			isa = PBXSourcesBuildPhase;
			buildActionMask = 2147483647;
			files = (
				1F25F6861E4E844000E28F59 /* WebViewViewController.swift in Sources */,
				1F11AE9B1E48FC5D001D161A /* Article.swift in Sources */,
				1F11AE851E48F4FB001D161A /* ViewController.swift in Sources */,
				1F11AE831E48F4FB001D161A /* AppDelegate.swift in Sources */,
				1F11AE991E48FB22001D161A /* ArticleCell.swift in Sources */,
			);
			runOnlyForDeploymentPostprocessing = 0;
		};
/* End PBXSourcesBuildPhase section */

/* Begin PBXVariantGroup section */
		1F11AE861E48F4FB001D161A /* Main.storyboard */ = {
			isa = PBXVariantGroup;
			children = (
				1F11AE871E48F4FB001D161A /* Base */,
			);
			name = Main.storyboard;
			sourceTree = "<group>";
		};
		1F11AE8B1E48F4FB001D161A /* LaunchScreen.storyboard */ = {
			isa = PBXVariantGroup;
			children = (
				1F11AE8C1E48F4FB001D161A /* Base */,
			);
			name = LaunchScreen.storyboard;
			sourceTree = "<group>";
		};
/* End PBXVariantGroup section */

/* Begin XCBuildConfiguration section */
		1F11AE8F1E48F4FB001D161A /* Debug */ = {
			isa = XCBuildConfiguration;
			buildSettings = {
				ALWAYS_SEARCH_USER_PATHS = NO;
				CLANG_ANALYZER_NONNULL = YES;
				CLANG_CXX_LANGUAGE_STANDARD = "gnu++0x";
				CLANG_CXX_LIBRARY = "libc++";
				CLANG_ENABLE_MODULES = YES;
				CLANG_ENABLE_OBJC_ARC = YES;
				CLANG_WARN_BOOL_CONVERSION = YES;
				CLANG_WARN_CONSTANT_CONVERSION = YES;
				CLANG_WARN_DIRECT_OBJC_ISA_USAGE = YES_ERROR;
				CLANG_WARN_DOCUMENTATION_COMMENTS = YES;
				CLANG_WARN_EMPTY_BODY = YES;
				CLANG_WARN_ENUM_CONVERSION = YES;
				CLANG_WARN_INFINITE_RECURSION = YES;
				CLANG_WARN_INT_CONVERSION = YES;
				CLANG_WARN_OBJC_ROOT_CLASS = YES_ERROR;
				CLANG_WARN_SUSPICIOUS_MOVE = YES;
				CLANG_WARN_UNREACHABLE_CODE = YES;
				CLANG_WARN__DUPLICATE_METHOD_MATCH = YES;
				"CODE_SIGN_IDENTITY[sdk=iphoneos*]" = "iPhone Developer";
				COPY_PHASE_STRIP = NO;
				DEBUG_INFORMATION_FORMAT = dwarf;
				ENABLE_STRICT_OBJC_MSGSEND = YES;
				ENABLE_TESTABILITY = YES;
				GCC_C_LANGUAGE_STANDARD = gnu99;
				GCC_DYNAMIC_NO_PIC = NO;
				GCC_NO_COMMON_BLOCKS = YES;
				GCC_OPTIMIZATION_LEVEL = 0;
				GCC_PREPROCESSOR_DEFINITIONS = (
					"DEBUG=1",
					"$(inherited)",
				);
				GCC_WARN_64_TO_32_BIT_CONVERSION = YES;
				GCC_WARN_ABOUT_RETURN_TYPE = YES_ERROR;
				GCC_WARN_UNDECLARED_SELECTOR = YES;
				GCC_WARN_UNINITIALIZED_AUTOS = YES_AGGRESSIVE;
				GCC_WARN_UNUSED_FUNCTION = YES;
				GCC_WARN_UNUSED_VARIABLE = YES;
				IPHONEOS_DEPLOYMENT_TARGET = 10.2;
				MTL_ENABLE_DEBUG_INFO = YES;
				ONLY_ACTIVE_ARCH = YES;
				SDKROOT = iphoneos;
				SWIFT_ACTIVE_COMPILATION_CONDITIONS = DEBUG;
				SWIFT_OPTIMIZATION_LEVEL = "-Onone";
			};
			name = Debug;
		};
		1F11AE901E48F4FB001D161A /* Release */ = {
			isa = XCBuildConfiguration;
			buildSettings = {
				ALWAYS_SEARCH_USER_PATHS = NO;
				CLANG_ANALYZER_NONNULL = YES;
				CLANG_CXX_LANGUAGE_STANDARD = "gnu++0x";
				CLANG_CXX_LIBRARY = "libc++";
				CLANG_ENABLE_MODULES = YES;
				CLANG_ENABLE_OBJC_ARC = YES;
				CLANG_WARN_BOOL_CONVERSION = YES;
				CLANG_WARN_CONSTANT_CONVERSION = YES;
				CLANG_WARN_DIRECT_OBJC_ISA_USAGE = YES_ERROR;
				CLANG_WARN_DOCUMENTATION_COMMENTS = YES;
				CLANG_WARN_EMPTY_BODY = YES;
				CLANG_WARN_ENUM_CONVERSION = YES;
				CLANG_WARN_INFINITE_RECURSION = YES;
				CLANG_WARN_INT_CONVERSION = YES;
				CLANG_WARN_OBJC_ROOT_CLASS = YES_ERROR;
				CLANG_WARN_SUSPICIOUS_MOVE = YES;
				CLANG_WARN_UNREACHABLE_CODE = YES;
				CLANG_WARN__DUPLICATE_METHOD_MATCH = YES;
				"CODE_SIGN_IDENTITY[sdk=iphoneos*]" = "iPhone Developer";
				COPY_PHASE_STRIP = NO;
				DEBUG_INFORMATION_FORMAT = "dwarf-with-dsym";
				ENABLE_NS_ASSERTIONS = NO;
				ENABLE_STRICT_OBJC_MSGSEND = YES;
				GCC_C_LANGUAGE_STANDARD = gnu99;
				GCC_NO_COMMON_BLOCKS = YES;
				GCC_WARN_64_TO_32_BIT_CONVERSION = YES;
				GCC_WARN_ABOUT_RETURN_TYPE = YES_ERROR;
				GCC_WARN_UNDECLARED_SELECTOR = YES;
				GCC_WARN_UNINITIALIZED_AUTOS = YES_AGGRESSIVE;
				GCC_WARN_UNUSED_FUNCTION = YES;
				GCC_WARN_UNUSED_VARIABLE = YES;
				IPHONEOS_DEPLOYMENT_TARGET = 10.2;
				MTL_ENABLE_DEBUG_INFO = NO;
				SDKROOT = iphoneos;
				SWIFT_OPTIMIZATION_LEVEL = "-Owholemodule";
				VALIDATE_PRODUCT = YES;
			};
			name = Release;
		};
		1F11AE921E48F4FB001D161A /* Debug */ = {
			isa = XCBuildConfiguration;
			buildSettings = {
				ASSETCATALOG_COMPILER_APPICON_NAME = AppIcon;
				DEVELOPMENT_TEAM = 7E646DTM59;
				INFOPLIST_FILE = MyTechNews/Info.plist;
				LD_RUNPATH_SEARCH_PATHS = "$(inherited) @executable_path/Frameworks";
				PRODUCT_BUNDLE_IDENTIFIER = com.geeoku.MyTechNews;
				PRODUCT_NAME = "$(TARGET_NAME)";
				SWIFT_VERSION = 3.0;
			};
			name = Debug;
		};
		1F11AE931E48F4FB001D161A /* Release */ = {
			isa = XCBuildConfiguration;
			buildSettings = {
				ASSETCATALOG_COMPILER_APPICON_NAME = AppIcon;
				DEVELOPMENT_TEAM = 7E646DTM59;
				INFOPLIST_FILE = MyTechNews/Info.plist;
				LD_RUNPATH_SEARCH_PATHS = "$(inherited) @executable_path/Frameworks";
				PRODUCT_BUNDLE_IDENTIFIER = com.geeoku.MyTechNews;
				PRODUCT_NAME = "$(TARGET_NAME)";
				SWIFT_VERSION = 3.0;
			};
			name = Release;
		};
/* End XCBuildConfiguration section */

/* Begin XCConfigurationList section */
		1F11AE7A1E48F4FB001D161A /* Build configuration list for PBXProject "MyTechNews" */ = {
			isa = XCConfigurationList;
			buildConfigurations = (
				1F11AE8F1E48F4FB001D161A /* Debug */,
				1F11AE901E48F4FB001D161A /* Release */,
			);
			defaultConfigurationIsVisible = 0;
			defaultConfigurationName = Release;
		};
		1F11AE911E48F4FB001D161A /* Build configuration list for PBXNativeTarget "MyTechNews" */ = {
			isa = XCConfigurationList;
			buildConfigurations = (
				1F11AE921E48F4FB001D161A /* Debug */,
				1F11AE931E48F4FB001D161A /* Release */,
			);
			defaultConfigurationIsVisible = 0;
			defaultConfigurationName = Release;
		};
/* End XCConfigurationList section */
	};
	rootObject = 1F11AE771E48F4FB001D161A /* Project object */;
}
